// !$*UTF8*$!
{
	archiveVersion = 1;
	classes = {
	};
	objectVersion = 46;
	objects = {

/* Begin PBXBuildFile section */
		12EA03C11D10E45F0030D7B2 /* AppDelegate.swift in Sources */ = {isa = PBXBuildFile; fileRef = 12EA03C01D10E45F0030D7B2 /* AppDelegate.swift */; };
		12EA03C31D10E45F0030D7B2 /* ViewController.swift in Sources */ = {isa = PBXBuildFile; fileRef = 12EA03C21D10E45F0030D7B2 /* ViewController.swift */; };
		12EA03C61D10E45F0030D7B2 /* Main.storyboard in Resources */ = {isa = PBXBuildFile; fileRef = 12EA03C41D10E45F0030D7B2 /* Main.storyboard */; };
		12EA03C91D10E45F0030D7B2 /* SyncCoredataAlamofire.xcdatamodeld in Sources */ = {isa = PBXBuildFile; fileRef = 12EA03C71D10E45F0030D7B2 /* SyncCoredataAlamofire.xcdatamodeld */; };
		12EA03CB1D10E45F0030D7B2 /* Assets.xcassets in Resources */ = {isa = PBXBuildFile; fileRef = 12EA03CA1D10E45F0030D7B2 /* Assets.xcassets */; };
		12EA03CE1D10E45F0030D7B2 /* LaunchScreen.storyboard in Resources */ = {isa = PBXBuildFile; fileRef = 12EA03CC1D10E45F0030D7B2 /* LaunchScreen.storyboard */; };
		12EA03D91D10E45F0030D7B2 /* SyncCoredataAlamofireTests.swift in Sources */ = {isa = PBXBuildFile; fileRef = 12EA03D81D10E45F0030D7B2 /* SyncCoredataAlamofireTests.swift */; };
/* End PBXBuildFile section */

/* Begin PBXContainerItemProxy section */
		12EA03D51D10E45F0030D7B2 /* PBXContainerItemProxy */ = {
			isa = PBXContainerItemProxy;
			containerPortal = 12EA03B51D10E45F0030D7B2 /* Project object */;
			proxyType = 1;
			remoteGlobalIDString = 12EA03BC1D10E45F0030D7B2;
			remoteInfo = SyncCoredataAlamofire;
		};
/* End PBXContainerItemProxy section */

/* Begin PBXFileReference section */
		12EA03BD1D10E45F0030D7B2 /* SyncCoredataAlamofire.app */ = {isa = PBXFileReference; explicitFileType = wrapper.application; includeInIndex = 0; path = SyncCoredataAlamofire.app; sourceTree = BUILT_PRODUCTS_DIR; };
		12EA03C01D10E45F0030D7B2 /* AppDelegate.swift */ = {isa = PBXFileReference; lastKnownFileType = sourcecode.swift; path = AppDelegate.swift; sourceTree = "<group>"; };
		12EA03C21D10E45F0030D7B2 /* ViewController.swift */ = {isa = PBXFileReference; lastKnownFileType = sourcecode.swift; path = ViewController.swift; sourceTree = "<group>"; };
		12EA03C51D10E45F0030D7B2 /* Base */ = {isa = PBXFileReference; lastKnownFileType = file.storyboard; name = Base; path = Base.lproj/Main.storyboard; sourceTree = "<group>"; };
		12EA03C81D10E45F0030D7B2 /* SyncCoredataAlamofire.xcdatamodel */ = {isa = PBXFileReference; lastKnownFileType = wrapper.xcdatamodel; path = SyncCoredataAlamofire.xcdatamodel; sourceTree = "<group>"; };
		12EA03CA1D10E45F0030D7B2 /* Assets.xcassets */ = {isa = PBXFileReference; lastKnownFileType = folder.assetcatalog; path = Assets.xcassets; sourceTree = "<group>"; };
		12EA03CD1D10E45F0030D7B2 /* Base */ = {isa = PBXFileReference; lastKnownFileType = file.storyboard; name = Base; path = Base.lproj/LaunchScreen.storyboard; sourceTree = "<group>"; };
		12EA03CF1D10E45F0030D7B2 /* Info.plist */ = {isa = PBXFileReference; lastKnownFileType = text.plist.xml; path = Info.plist; sourceTree = "<group>"; };
		12EA03D41D10E45F0030D7B2 /* SyncCoredataAlamofireTests.xctest */ = {isa = PBXFileReference; explicitFileType = wrapper.cfbundle; includeInIndex = 0; path = SyncCoredataAlamofireTests.xctest; sourceTree = BUILT_PRODUCTS_DIR; };
		12EA03D81D10E45F0030D7B2 /* SyncCoredataAlamofireTests.swift */ = {isa = PBXFileReference; lastKnownFileType = sourcecode.swift; path = SyncCoredataAlamofireTests.swift; sourceTree = "<group>"; };
		12EA03DA1D10E45F0030D7B2 /* Info.plist */ = {isa = PBXFileReference; lastKnownFileType = text.plist.xml; path = Info.plist; sourceTree = "<group>"; };
/* End PBXFileReference section */

/* Begin PBXFrameworksBuildPhase section */
		12EA03BA1D10E45F0030D7B2 /* Frameworks */ = {
			isa = PBXFrameworksBuildPhase;
			buildActionMask = 2147483647;
			files = (
			);
			runOnlyForDeploymentPostprocessing = 0;
		};
		12EA03D11D10E45F0030D7B2 /* Frameworks */ = {
			isa = PBXFrameworksBuildPhase;
			buildActionMask = 2147483647;
			files = (
			);
			runOnlyForDeploymentPostprocessing = 0;
		};
/* End PBXFrameworksBuildPhase section */

/* Begin PBXGroup section */
		12EA03B41D10E45F0030D7B2 = {
			isa = PBXGroup;
			children = (
				12EA03BF1D10E45F0030D7B2 /* SyncCoredataAlamofire */,
				12EA03D71D10E45F0030D7B2 /* SyncCoredataAlamofireTests */,
				12EA03BE1D10E45F0030D7B2 /* Products */,
			);
			sourceTree = "<group>";
		};
		12EA03BE1D10E45F0030D7B2 /* Products */ = {
			isa = PBXGroup;
			children = (
				12EA03BD1D10E45F0030D7B2 /* SyncCoredataAlamofire.app */,
				12EA03D41D10E45F0030D7B2 /* SyncCoredataAlamofireTests.xctest */,
			);
			name = Products;
			sourceTree = "<group>";
		};
		12EA03BF1D10E45F0030D7B2 /* SyncCoredataAlamofire */ = {
			isa = PBXGroup;
			children = (
				12EA03C01D10E45F0030D7B2 /* AppDelegate.swift */,
				12EA03C21D10E45F0030D7B2 /* ViewController.swift */,
				12EA03C41D10E45F0030D7B2 /* Main.storyboard */,
				12EA03CA1D10E45F0030D7B2 /* Assets.xcassets */,
				12EA03CC1D10E45F0030D7B2 /* LaunchScreen.storyboard */,
				12EA03CF1D10E45F0030D7B2 /* Info.plist */,
				12EA03C71D10E45F0030D7B2 /* SyncCoredataAlamofire.xcdatamodeld */,
			);
			path = SyncCoredataAlamofire;
			sourceTree = "<group>";
		};
		12EA03D71D10E45F0030D7B2 /* SyncCoredataAlamofireTests */ = {
			isa = PBXGroup;
			children = (
				12EA03D81D10E45F0030D7B2 /* SyncCoredataAlamofireTests.swift */,
				12EA03DA1D10E45F0030D7B2 /* Info.plist */,
			);
			path = SyncCoredataAlamofireTests;
			sourceTree = "<group>";
		};
/* End PBXGroup section */

/* Begin PBXNativeTarget section */
		12EA03BC1D10E45F0030D7B2 /* SyncCoredataAlamofire */ = {
			isa = PBXNativeTarget;
			buildConfigurationList = 12EA03DD1D10E45F0030D7B2 /* Build configuration list for PBXNativeTarget "SyncCoredataAlamofire" */;
			buildPhases = (
				12EA03B91D10E45F0030D7B2 /* Sources */,
				12EA03BA1D10E45F0030D7B2 /* Frameworks */,
				12EA03BB1D10E45F0030D7B2 /* Resources */,
			);
			buildRules = (
			);
			dependencies = (
			);
			name = SyncCoredataAlamofire;
			productName = SyncCoredataAlamofire;
			productReference = 12EA03BD1D10E45F0030D7B2 /* SyncCoredataAlamofire.app */;
			productType = "com.apple.product-type.application";
		};
		12EA03D31D10E45F0030D7B2 /* SyncCoredataAlamofireTests */ = {
			isa = PBXNativeTarget;
			buildConfigurationList = 12EA03E01D10E45F0030D7B2 /* Build configuration list for PBXNativeTarget "SyncCoredataAlamofireTests" */;
			buildPhases = (
				12EA03D01D10E45F0030D7B2 /* Sources */,
				12EA03D11D10E45F0030D7B2 /* Frameworks */,
				12EA03D21D10E45F0030D7B2 /* Resources */,
			);
			buildRules = (
			);
			dependencies = (
				12EA03D61D10E45F0030D7B2 /* PBXTargetDependency */,
			);
			name = SyncCoredataAlamofireTests;
			productName = SyncCoredataAlamofireTests;
			productReference = 12EA03D41D10E45F0030D7B2 /* SyncCoredataAlamofireTests.xctest */;
			productType = "com.apple.product-type.bundle.unit-test";
		};
/* End PBXNativeTarget section */

/* Begin PBXProject section */
		12EA03B51D10E45F0030D7B2 /* Project object */ = {
			isa = PBXProject;
			attributes = {
				LastSwiftUpdateCheck = 0730;
				LastUpgradeCheck = 0730;
				ORGANIZATIONNAME = "Yeswanth varma Kanumuri";
				TargetAttributes = {
					12EA03BC1D10E45F0030D7B2 = {
						CreatedOnToolsVersion = 7.3.1;
						DevelopmentTeam = TYY6889HSV;
					};
					12EA03D31D10E45F0030D7B2 = {
						CreatedOnToolsVersion = 7.3.1;
						DevelopmentTeam = TYY6889HSV;
						TestTargetID = 12EA03BC1D10E45F0030D7B2;
					};
				};
			};
			buildConfigurationList = 12EA03B81D10E45F0030D7B2 /* Build configuration list for PBXProject "SyncCoredataAlamofire" */;
			compatibilityVersion = "Xcode 3.2";
			developmentRegion = English;
			hasScannedForEncodings = 0;
			knownRegions = (
				en,
				Base,
			);
			mainGroup = 12EA03B41D10E45F0030D7B2;
			productRefGroup = 12EA03BE1D10E45F0030D7B2 /* Products */;
			projectDirPath = "";
			projectRoot = "";
			targets = (
				12EA03BC1D10E45F0030D7B2 /* SyncCoredataAlamofire */,
				12EA03D31D10E45F0030D7B2 /* SyncCoredataAlamofireTests */,
			);
		};
/* End PBXProject section */

/* Begin PBXResourcesBuildPhase section */
		12EA03BB1D10E45F0030D7B2 /* Resources */ = {
			isa = PBXResourcesBuildPhase;
			buildActionMask = 2147483647;
			files = (
				12EA03CE1D10E45F0030D7B2 /* LaunchScreen.storyboard in Resources */,
				12EA03CB1D10E45F0030D7B2 /* Assets.xcassets in Resources */,
				12EA03C61D10E45F0030D7B2 /* Main.storyboard in Resources */,
			);
			runOnlyForDeploymentPostprocessing = 0;
		};
		12EA03D21D10E45F0030D7B2 /* Resources */ = {
			isa = PBXResourcesBuildPhase;
			buildActionMask = 2147483647;
			files = (
			);
			runOnlyForDeploymentPostprocessing = 0;
		};
/* End PBXResourcesBuildPhase section */

/* Begin PBXSourcesBuildPhase section */
		12EA03B91D10E45F0030D7B2 /* Sources */ = {
			isa = PBXSourcesBuildPhase;
			buildActionMask = 2147483647;
			files = (
				12EA03C91D10E45F0030D7B2 /* SyncCoredataAlamofire.xcdatamodeld in Sources */,
				12EA03C31D10E45F0030D7B2 /* ViewController.swift in Sources */,
				12EA03C11D10E45F0030D7B2 /* AppDelegate.swift in Sources */,
			);
			runOnlyForDeploymentPostprocessing = 0;
		};
		12EA03D01D10E45F0030D7B2 /* Sources */ = {
			isa = PBXSourcesBuildPhase;
			buildActionMask = 2147483647;
			files = (
				12EA03D91D10E45F0030D7B2 /* SyncCoredataAlamofireTests.swift in Sources */,
			);
			runOnlyForDeploymentPostprocessing = 0;
		};
/* End PBXSourcesBuildPhase section */

/* Begin PBXTargetDependency section */
		12EA03D61D10E45F0030D7B2 /* PBXTargetDependency */ = {
			isa = PBXTargetDependency;
			target = 12EA03BC1D10E45F0030D7B2 /* SyncCoredataAlamofire */;
			targetProxy = 12EA03D51D10E45F0030D7B2 /* PBXContainerItemProxy */;
		};
/* End PBXTargetDependency section */

/* Begin PBXVariantGroup section */
		12EA03C41D10E45F0030D7B2 /* Main.storyboard */ = {
			isa = PBXVariantGroup;
			children = (
				12EA03C51D10E45F0030D7B2 /* Base */,
			);
			name = Main.storyboard;
			sourceTree = "<group>";
		};
		12EA03CC1D10E45F0030D7B2 /* LaunchScreen.storyboard */ = {
			isa = PBXVariantGroup;
			children = (
				12EA03CD1D10E45F0030D7B2 /* Base */,
			);
			name = LaunchScreen.storyboard;
			sourceTree = "<group>";
		};
/* End PBXVariantGroup section */

/* Begin XCBuildConfiguration section */
		12EA03DB1D10E45F0030D7B2 /* Debug */ = {
			isa = XCBuildConfiguration;
			buildSettings = {
				ALWAYS_SEARCH_USER_PATHS = NO;
				CLANG_ANALYZER_NONNULL = YES;
				CLANG_CXX_LANGUAGE_STANDARD = "gnu++0x";
				CLANG_CXX_LIBRARY = "libc++";
				CLANG_ENABLE_MODULES = YES;
				CLANG_ENABLE_OBJC_ARC = YES;
				CLANG_WARN_BOOL_CONVERSION = YES;
				CLANG_WARN_CONSTANT_CONVERSION = YES;
				CLANG_WARN_DIRECT_OBJC_ISA_USAGE = YES_ERROR;
				CLANG_WARN_EMPTY_BODY = YES;
				CLANG_WARN_ENUM_CONVERSION = YES;
				CLANG_WARN_INT_CONVERSION = YES;
				CLANG_WARN_OBJC_ROOT_CLASS = YES_ERROR;
				CLANG_WARN_UNREACHABLE_CODE = YES;
				CLANG_WARN__DUPLICATE_METHOD_MATCH = YES;
				"CODE_SIGN_IDENTITY[sdk=iphoneos*]" = "iPhone Developer";
				COPY_PHASE_STRIP = NO;
				DEBUG_INFORMATION_FORMAT = dwarf;
				ENABLE_STRICT_OBJC_MSGSEND = YES;
				ENABLE_TESTABILITY = YES;
				GCC_C_LANGUAGE_STANDARD = gnu99;
				GCC_DYNAMIC_NO_PIC = NO;
				GCC_NO_COMMON_BLOCKS = YES;
				GCC_OPTIMIZATION_LEVEL = 0;
				GCC_PREPROCESSOR_DEFINITIONS = (
					"DEBUG=1",
					"$(inherited)",
				);
				GCC_WARN_64_TO_32_BIT_CONVERSION = YES;
				GCC_WARN_ABOUT_RETURN_TYPE = YES_ERROR;
				GCC_WARN_UNDECLARED_SELECTOR = YES;
				GCC_WARN_UNINITIALIZED_AUTOS = YES_AGGRESSIVE;
				GCC_WARN_UNUSED_FUNCTION = YES;
				GCC_WARN_UNUSED_VARIABLE = YES;
				IPHONEOS_DEPLOYMENT_TARGET = 9.3;
				MTL_ENABLE_DEBUG_INFO = YES;
				ONLY_ACTIVE_ARCH = YES;
				SDKROOT = iphoneos;
				SWIFT_OPTIMIZATION_LEVEL = "-Onone";
				TARGETED_DEVICE_FAMILY = "1,2";
			};
			name = Debug;
		};
		12EA03DC1D10E45F0030D7B2 /* Release */ = {
			isa = XCBuildConfiguration;
			buildSettings = {
				ALWAYS_SEARCH_USER_PATHS = NO;
				CLANG_ANALYZER_NONNULL = YES;
				CLANG_CXX_LANGUAGE_STANDARD = "gnu++0x";
				CLANG_CXX_LIBRARY = "libc++";
				CLANG_ENABLE_MODULES = YES;
				CLANG_ENABLE_OBJC_ARC = YES;
				CLANG_WARN_BOOL_CONVERSION = YES;
				CLANG_WARN_CONSTANT_CONVERSION = YES;
				CLANG_WARN_DIRECT_OBJC_ISA_USAGE = YES_ERROR;
				CLANG_WARN_EMPTY_BODY = YES;
				CLANG_WARN_ENUM_CONVERSION = YES;
				CLANG_WARN_INT_CONVERSION = YES;
				CLANG_WARN_OBJC_ROOT_CLASS = YES_ERROR;
				CLANG_WARN_UNREACHABLE_CODE = YES;
				CLANG_WARN__DUPLICATE_METHOD_MATCH = YES;
				"CODE_SIGN_IDENTITY[sdk=iphoneos*]" = "iPhone Developer";
				COPY_PHASE_STRIP = NO;
				DEBUG_INFORMATION_FORMAT = "dwarf-with-dsym";
				ENABLE_NS_ASSERTIONS = NO;
				ENABLE_STRICT_OBJC_MSGSEND = YES;
				GCC_C_LANGUAGE_STANDARD = gnu99;
				GCC_NO_COMMON_BLOCKS = YES;
				GCC_WARN_64_TO_32_BIT_CONVERSION = YES;
				GCC_WARN_ABOUT_RETURN_TYPE = YES_ERROR;
				GCC_WARN_UNDECLARED_SELECTOR = YES;
				GCC_WARN_UNINITIALIZED_AUTOS = YES_AGGRESSIVE;
				GCC_WARN_UNUSED_FUNCTION = YES;
				GCC_WARN_UNUSED_VARIABLE = YES;
				IPHONEOS_DEPLOYMENT_TARGET = 9.3;
				MTL_ENABLE_DEBUG_INFO = NO;
				SDKROOT = iphoneos;
				TARGETED_DEVICE_FAMILY = "1,2";
				VALIDATE_PRODUCT = YES;
			};
			name = Release;
		};
		12EA03DE1D10E45F0030D7B2 /* Debug */ = {
			isa = XCBuildConfiguration;
			buildSettings = {
				ASSETCATALOG_COMPILER_APPICON_NAME = AppIcon;
				INFOPLIST_FILE = SyncCoredataAlamofire/Info.plist;
				LD_RUNPATH_SEARCH_PATHS = "$(inherited) @executable_path/Frameworks";
				PRODUCT_BUNDLE_IDENTIFIER = com.yeswanthvarma.SyncCoredataAlamofire;
				PRODUCT_NAME = "$(TARGET_NAME)";
			};
			name = Debug;
		};
		12EA03DF1D10E45F0030D7B2 /* Release */ = {
			isa = XCBuildConfiguration;
			buildSettings = {
				ASSETCATALOG_COMPILER_APPICON_NAME = AppIcon;
				INFOPLIST_FILE = SyncCoredataAlamofire/Info.plist;
				LD_RUNPATH_SEARCH_PATHS = "$(inherited) @executable_path/Frameworks";
				PRODUCT_BUNDLE_IDENTIFIER = com.yeswanthvarma.SyncCoredataAlamofire;
				PRODUCT_NAME = "$(TARGET_NAME)";
			};
			name = Release;
		};
		12EA03E11D10E45F0030D7B2 /* Debug */ = {
			isa = XCBuildConfiguration;
			buildSettings = {
				BUNDLE_LOADER = "$(TEST_HOST)";
				INFOPLIST_FILE = SyncCoredataAlamofireTests/Info.plist;
				LD_RUNPATH_SEARCH_PATHS = "$(inherited) @executable_path/Frameworks @loader_path/Frameworks";
				PRODUCT_BUNDLE_IDENTIFIER = com.yeswanthvarma.SyncCoredataAlamofireTests;
				PRODUCT_NAME = "$(TARGET_NAME)";
				TEST_HOST = "$(BUILT_PRODUCTS_DIR)/SyncCoredataAlamofire.app/SyncCoredataAlamofire";
			};
			name = Debug;
		};
		12EA03E21D10E45F0030D7B2 /* Release */ = {
			isa = XCBuildConfiguration;
			buildSettings = {
				BUNDLE_LOADER = "$(TEST_HOST)";
				INFOPLIST_FILE = SyncCoredataAlamofireTests/Info.plist;
				LD_RUNPATH_SEARCH_PATHS = "$(inherited) @executable_path/Frameworks @loader_path/Frameworks";
				PRODUCT_BUNDLE_IDENTIFIER = com.yeswanthvarma.SyncCoredataAlamofireTests;
				PRODUCT_NAME = "$(TARGET_NAME)";
				TEST_HOST = "$(BUILT_PRODUCTS_DIR)/SyncCoredataAlamofire.app/SyncCoredataAlamofire";
			};
			name = Release;
		};
/* End XCBuildConfiguration section */

/* Begin XCConfigurationList section */
		12EA03B81D10E45F0030D7B2 /* Build configuration list for PBXProject "SyncCoredataAlamofire" */ = {
			isa = XCConfigurationList;
			buildConfigurations = (
				12EA03DB1D10E45F0030D7B2 /* Debug */,
				12EA03DC1D10E45F0030D7B2 /* Release */,
			);
			defaultConfigurationIsVisible = 0;
			defaultConfigurationName = Release;
		};
		12EA03DD1D10E45F0030D7B2 /* Build configuration list for PBXNativeTarget "SyncCoredataAlamofire" */ = {
			isa = XCConfigurationList;
			buildConfigurations = (
				12EA03DE1D10E45F0030D7B2 /* Debug */,
				12EA03DF1D10E45F0030D7B2 /* Release */,
			);
			defaultConfigurationIsVisible = 0;
		};
		12EA03E01D10E45F0030D7B2 /* Build configuration list for PBXNativeTarget "SyncCoredataAlamofireTests" */ = {
			isa = XCConfigurationList;
			buildConfigurations = (
				12EA03E11D10E45F0030D7B2 /* Debug */,
				12EA03E21D10E45F0030D7B2 /* Release */,
			);
			defaultConfigurationIsVisible = 0;
		};
/* End XCConfigurationList section */

/* Begin XCVersionGroup section */
		12EA03C71D10E45F0030D7B2 /* SyncCoredataAlamofire.xcdatamodeld */ = {
			isa = XCVersionGroup;
			children = (
				12EA03C81D10E45F0030D7B2 /* SyncCoredataAlamofire.xcdatamodel */,
			);
			currentVersion = 12EA03C81D10E45F0030D7B2 /* SyncCoredataAlamofire.xcdatamodel */;
			path = SyncCoredataAlamofire.xcdatamodeld;
			sourceTree = "<group>";
			versionGroupType = wrapper.xcdatamodel;
		};
/* End XCVersionGroup section */
	};
	rootObject = 12EA03B51D10E45F0030D7B2 /* Project object */;
}
